schema: '2.0'
stages:
  make_datset:
    cmd: python src/data/make_dataset.py
    deps:
    - path: src/data/make_dataset.py
      hash: md5
      md5: 4c52806d162492cb769c72b6463ec0d0
      size: 5108
    params:
      params.yaml:
        make_dataset.test_size: 0.4
    outs:
    - path: data/raw
      hash: md5
      md5: 1d494904adb11a1fa18664e9ec313135.dir
      size: 827973
      nfiles: 2
  preprocessing:
    cmd: python src/preprocessing.py
    deps:
    - path: src/data/make_dataset.py
      hash: md5
      md5: 4c52806d162492cb769c72b6463ec0d0
      size: 5108
    - path: src/preprocessing.py
      hash: md5
      md5: 07eb7786e94cb720191c49891e205154
      size: 5731
    outs:
    - path: data/processed
      hash: md5
      md5: 45c38a9fbe33312864fe489bb603281a.dir
      size: 552671
      nfiles: 2
  build_features:
    cmd: python src/features/build_features.py
    deps:
    - path: src/features/build_features.py
      hash: md5
      md5: 3ab95bffb4a31e71bffc49842e2487b7
      size: 6694
    - path: src/preprocessing.py
      hash: md5
      md5: 07eb7786e94cb720191c49891e205154
      size: 5731
    params:
      params.yaml:
        build_features.max_features: 100
    outs:
    - path: data/feature
      hash: md5
      md5: 7d449a757362ed5c09ba2ff5832e784f.dir
      size: 4528712
      nfiles: 2
  train_model:
    cmd: python src/models/train_model.py
    deps:
    - path: src/features/build_features.py
      hash: md5
      md5: 3ab95bffb4a31e71bffc49842e2487b7
      size: 6694
    - path: src/models/train_model.py
      hash: md5
      md5: e091ad26fd0f4216a93cff2e57751b26
      size: 4985
    params:
      params.yaml:
        train_model.learning_rate: 0.1
        train_model.n_estimators: 100
    outs:
    - path: model.pkl
      hash: md5
      md5: 192e5c635100dae86714f87f91908b25
      size: 132268
  predict_model:
    cmd: python src/models/predict_model.py
    deps:
    - path: model.pkl
      hash: md5
      md5: 192e5c635100dae86714f87f91908b25
      size: 132268
    - path: src/models/predict_model.py
      hash: md5
      md5: 8f27780a070418894f1b4bc6c03a7520
      size: 6530
    outs:
    - path: metrics.json
      hash: md5
      md5: ed9baaafd17aa4a35f5abf53717b1ef8
      size: 145
